{
  "format": 1,
  "program_commitment": "270b3bbb3ebe69fb3759c17d1d95d5b1b821535f2415725ab1903ac8af81c319",
  "tiles": {
    "append_activation_row": {
      "image_id": "6bfda97afa9f7e26ad84cbd8b45bc6d235191493aa28dcd4add1c0f94eb5552e",
      "source_hash": "8787e856613cb2250000000000001200"
    },
    "assert_all_tokens_embedded": {
      "image_id": "a762e863580ae75b4af211fafb577e98eda1a2cf76e3f983d764e349e7f7e71a",
      "source_hash": "8787e856613cb2250000000000001200"
    },
    "begin_error_summary": {
      "image_id": "63233c5c3d276e712961c168cf1af0e828d4a55974b956e9ee0306d9249fc313",
      "source_hash": "8787e856613cb2250000000000001200"
    },
    "begin_prompt_activations": {
      "image_id": "c3a31040f312f35bc10a58729dd90b52266672c1cf1c1337f255bdc2485d5010",
      "source_hash": "8787e856613cb2250000000000001200"
    },
    "begin_row_lookup": {
      "image_id": "62f22939106b79ed9a2862f0e7417c7091547635d6c2ed6f7fc7b3fad041b67e",
      "source_hash": "8787e856613cb2250000000000001200"
    },
    "embedding_byte_offset": {
      "image_id": "8a196b0010af72e0ff7044f758af3a422967c859203709f10e8dd73f8f7a5bff",
      "source_hash": "8787e856613cb2250000000000001200"
    },
    "page_of": {
      "image_id": "ac446df1b685458522bcd3af26941c00d8628ed0d19459106ace2e88b1e1658e",
      "source_hash": "8787e856613cb2250000000000001200"
    },
    "summarise_errors": {
      "image_id": "6e350141f0ba6f2ed844eeb6bcaae287d4d227fc298a5b7b240a06432294777e",
      "source_hash": "8787e856613cb2250000000000001200"
    }
  },
  "toolchain": {
    "risc0": "risc0-zkvm-1.2",
    "build_mode": "local"
  }
}
