{
  "format": 1,
  "program_commitment": "911e519290d7820d60816b8a48761918e9905c699bb504ce21de25d7deee32ab",
  "tiles": {
    "append_activation_row": {
      "image_id": "781ed67a43340db8d456c3e1606e5ce89be73c0a3ffa4febfa182a990c063df3",
      "source_hash": "98f5bba2c8e06d980000000000000db6"
    },
    "assert_all_tokens_embedded": {
      "image_id": "cabe4184e4bbd38c80caca88d015a1394a91220bb2998bd40d895a7b4da43f8a",
      "source_hash": "98f5bba2c8e06d980000000000000db6"
    },
    "begin_row_lookup": {
      "image_id": "9f6972b6cc0bcbda0495890130cd9969240263f1c63e13d42275c5aaacfeef9f",
      "source_hash": "98f5bba2c8e06d980000000000000db6"
    },
    "embedding_byte_offset": {
      "image_id": "90dae8bef9ca4a7aec6a0028d3fef78f89c30a3b1b19a6c6a10d2fac62b7cc4c",
      "source_hash": "98f5bba2c8e06d980000000000000db6"
    },
    "page_of": {
      "image_id": "204cf565ab3f9e2dc3078f825508343af0109ddadce193f466df52a8ed4fad9f",
      "source_hash": "98f5bba2c8e06d980000000000000db6"
    },
    "summarise_errors": {
      "image_id": "9bdbd61172661c00bb78eb175588dc845753d5b2f783f5551bae6d3957b9f546",
      "source_hash": "98f5bba2c8e06d980000000000000db6"
    }
  },
  "toolchain": {
    "risc0": "risc0-zkvm-1.2",
    "build_mode": "local"
  }
}
