{
  "format": 1,
  "program_commitment": "f603067ca5ffae2cbed54367dca5f3d2de932180a9493983948ac9b23c93ac2e",
  "tiles": {
    "append_activation_row": {
      "image_id": "50efdf65a4f31f06d041b1fb02e4a98214608d616e561fec085932ddaeb5db22",
      "source_hash": "101623eaa3ac52b30000000000000b2c"
    },
    "assert_all_tokens_embedded": {
      "image_id": "7f17f778ffbca4fe38372e0fbea8d76be50172cf2cba1ee081314d96b1f1467b",
      "source_hash": "101623eaa3ac52b30000000000000b2c"
    },
    "begin_row_lookup": {
      "image_id": "6a7d7e7a2af606083a7294858338e7c4bba66fe289be0fb0c819b4d7a40da30d",
      "source_hash": "101623eaa3ac52b30000000000000b2c"
    },
    "embedding_byte_offset": {
      "image_id": "a078b1cff9aacb10db462160206bde416cb9d440783fe6878caa96cd57cff458",
      "source_hash": "101623eaa3ac52b30000000000000b2c"
    },
    "page_of": {
      "image_id": "e459eaec4e6f86226055485f0f39af7c0234b4e5183c79fd747c4c1fc93c5de0",
      "source_hash": "101623eaa3ac52b30000000000000b2c"
    },
    "summarise_errors": {
      "image_id": "ab985583c5b99306700d4aa577649be7b4f123aa19ccb8a9be8770c2836dde3e",
      "source_hash": "101623eaa3ac52b30000000000000b2c"
    }
  },
  "toolchain": {
    "risc0": "risc0-zkvm-1.2",
    "build_mode": "local"
  }
}
