{
  "format": 1,
  "program_commitment": "73f3c9705fb9771294fc89162542af7a88f39c72b8a626cb6cc1eaf027b07739",
  "tiles": {
    "assert_layer_complete": {
      "image_id": "728f6a8206b42f827d892c088038f033f8b55e771c7ec82c8505a8592e96981d",
      "source_hash": "b12aafb82359d8df0000000000002374"
    },
    "assert_matrix_bytes": {
      "image_id": "f27323e9db23233a0f1669225d6cd70d8dfef507edb03940c667fad8ba288a97",
      "source_hash": "b12aafb82359d8df0000000000002374"
    },
    "begin_ple_layer": {
      "image_id": "462dc7de5f2217e3b44a7a6db56f8f0f525cf788709ac6786fc84f2534cda58c",
      "source_hash": "b12aafb82359d8df0000000000002374"
    },
    "begin_ple_task": {
      "image_id": "6d3033c3d4cb5d5f50097de8826ecefdb2269ff4d60e77408823b5d17f88c3a8",
      "source_hash": "b12aafb82359d8df0000000000002374"
    },
    "combine_ple_row": {
      "image_id": "4d8420cf6b365c270cbdf28c72d236765370b5ad22f6e9d14b8a35b3f7706ae7",
      "source_hash": "b12aafb82359d8df0000000000002374"
    },
    "finish_ple_projection": {
      "image_id": "250c5dea9a135556e6a5cd713d0d7cebff7456b9aaf3a3ff4956cfc0722b963a",
      "source_hash": "b12aafb82359d8df0000000000002374"
    },
    "mac_weight_page": {
      "image_id": "8e4c22f38345897d1800014c07f1ba916bd3ccfc16977b6367e9d948266226da",
      "source_hash": "b12aafb82359d8df0000000000002374"
    },
    "page_of": {
      "image_id": "530fcb7c5286de2d169de7bc4175c4cfa638abc88adc667a5a6b2c2b128805b9",
      "source_hash": "b12aafb82359d8df0000000000002374"
    },
    "ple_activation": {
      "image_id": "2092bc7c7038fe880f9ea596ce7d444d5649befbfc5ae60f016779ef9e77966f",
      "source_hash": "b12aafb82359d8df0000000000002374"
    },
    "ple_byte_offset": {
      "image_id": "dd019d344de36d72e6e3ccfd803ab31bd951a2e068aa022ed5c6049aa9ea0d7e",
      "source_hash": "b12aafb82359d8df0000000000002374"
    },
    "summarise_layer_errors": {
      "image_id": "673f8423e39898a8d338f0248be3a0295f68eb5ceed4ca10e6943ecf35e7c174",
      "source_hash": "b12aafb82359d8df0000000000002374"
    },
    "validate_layer_params": {
      "image_id": "cacb325c687ee4955244a0c6bfcd8521cb6f17049ac4bf90c8e468efe0c2e0e2",
      "source_hash": "b12aafb82359d8df0000000000002374"
    },
    "zero_accum": {
      "image_id": "1091b3672b21d2b218bd6c56d151267041ec22fd4ac940e2a83f1e79420fda6e",
      "source_hash": "b12aafb82359d8df0000000000002374"
    }
  },
  "toolchain": {
    "risc0": "risc0-zkvm-1.2",
    "build_mode": "local"
  }
}
