{
  "format": 1,
  "program_commitment": "88ab7c7a3950fd180d0112adacbebeec57213697987e6d1b9be974edecf1d9f5",
  "tiles": {
    "assert_layer_complete": {
      "image_id": "1f0a47df1d4c3f62dca08783162e994102323921e3ea1ecd6add24d0d00e6c18",
      "source_hash": "666cc3d71b432c470000000000002474"
    },
    "assert_matrix_bytes": {
      "image_id": "4670aae74880b5f09e01a0eee4f8e91680f4dc11644b10fc0a7c715f38bdb77b",
      "source_hash": "666cc3d71b432c470000000000002474"
    },
    "begin_ple_layer": {
      "image_id": "5852baee5cc5ab235776eef8a380e2de64860f19b765f39b7e91ea8da5f95b49",
      "source_hash": "666cc3d71b432c470000000000002474"
    },
    "begin_ple_task": {
      "image_id": "69433116eb7bb0bd736c904150e384a5357450cde5d34698797b5304bfe8507f",
      "source_hash": "666cc3d71b432c470000000000002474"
    },
    "combine_ple_row": {
      "image_id": "9bcbca336aed9941570001999d947f3a9618e5852c4ce47400142477e15c6598",
      "source_hash": "666cc3d71b432c470000000000002474"
    },
    "finish_ple_projection": {
      "image_id": "526a70fb95d7746113822481d5e7ab1653014c34ba62c81162eb5450c9ddc791",
      "source_hash": "666cc3d71b432c470000000000002474"
    },
    "mac_weight_page": {
      "image_id": "8a14382ae56aa752b7009379a3e407eb3ce1b0c41d75bc63d8f3bc9bbc6d570e",
      "source_hash": "666cc3d71b432c470000000000002474"
    },
    "page_of": {
      "image_id": "f754838274502a147528ebd876ea0e6d622ef55afa97ed22a3a816a6df8dce8e",
      "source_hash": "666cc3d71b432c470000000000002474"
    },
    "ple_activation": {
      "image_id": "84a5e21ee5eb2ce5b051c246244eddb0dec453586212e453f6d394165b220fa5",
      "source_hash": "666cc3d71b432c470000000000002474"
    },
    "ple_byte_offset": {
      "image_id": "d1694efe84754a3eb55bf5391a1af5362f52a222d5abc3864c4517514b2a2ee8",
      "source_hash": "666cc3d71b432c470000000000002474"
    },
    "ple_hidden": {
      "image_id": "8fed4005518002856cf2073f99b5c573cf49b06cce4e3e7c31bee348f44b93de",
      "source_hash": "666cc3d71b432c470000000000002474"
    },
    "ple_width_of": {
      "image_id": "a2264f60f607b9695ba053d41a33e27f491c865f0c4e5e58975c352a78e310ab",
      "source_hash": "666cc3d71b432c470000000000002474"
    },
    "summarise_layer_errors": {
      "image_id": "22a3e363b326ab453fd39e661f0e136918425c023e8aa586a0fd7dad18607b22",
      "source_hash": "666cc3d71b432c470000000000002474"
    },
    "validate_layer_params": {
      "image_id": "5f151acef2137bc17426a3124990f8e1a5b7a9bba658bf40c40ed698cd558d9a",
      "source_hash": "666cc3d71b432c470000000000002474"
    },
    "zero_accum": {
      "image_id": "b4ba1e211176605d89e2d56dd410f173131b0c75ef7b918930143aacf7e64291",
      "source_hash": "666cc3d71b432c470000000000002474"
    }
  },
  "toolchain": {
    "risc0": "risc0-zkvm-1.2",
    "build_mode": "local"
  }
}
