{
  "format": 1,
  "program_commitment": "1d0acf104a66eadf055efe428e75fa3d4da4ca6ee0e0ddb96fce5d78b445846f",
  "tiles": {
    "assert_layer_complete": {
      "image_id": "c37b25c8d5dcf5ee2f9362f464da768024b1142c64c0e3b5b2bdaf1233570841",
      "source_hash": "1f292e5e921d9fe000000000000022fe"
    },
    "begin_ple_layer": {
      "image_id": "6eb85213d1aba5cb21511d012892042d870167a3e9c4c49d8ccef648775be84e",
      "source_hash": "1f292e5e921d9fe000000000000022fe"
    },
    "begin_ple_task": {
      "image_id": "dc6b8ca7ce442601882f57b964308c7421b6ae7d559abfcf6c9590e03046afe4",
      "source_hash": "1f292e5e921d9fe000000000000022fe"
    },
    "combine_ple_row": {
      "image_id": "5631f86fa72e6e86a530753448a3e6e33601127a823f8e826e84e2a5e87834a4",
      "source_hash": "1f292e5e921d9fe000000000000022fe"
    },
    "project_activation_row": {
      "image_id": "b9853f5e23bcb6cf107e8171ffdc575d98c8c41a0d34a7cec220ba0af3941b97",
      "source_hash": "1f292e5e921d9fe000000000000022fe"
    },
    "scan_ple_embeddings": {
      "image_id": "77f754d545c1f422159b0aa893ceefa23aeb3d888dec83ccddfea00a054759c0",
      "source_hash": "1f292e5e921d9fe000000000000022fe"
    },
    "summarise_layer_errors": {
      "image_id": "002b6d84049afd65e464b129833d8ac2558c30f4c98da3889a77ee50b3a2af86",
      "source_hash": "1f292e5e921d9fe000000000000022fe"
    },
    "validate_layer_params": {
      "image_id": "1342ffcde482455cd007765fc5f6beddc80e37677e7b34f4c3f2fe83ead6dcf4",
      "source_hash": "1f292e5e921d9fe000000000000022fe"
    }
  },
  "toolchain": {
    "risc0": "risc0-zkvm-1.2",
    "build_mode": "local"
  }
}
