{
  "format": 1,
  "program_commitment": "9bfc55878d671c040e5baf4572bfdfd18daf19921bc83faf03d0c93cfbdf2667",
  "tiles": {
    "assert_logits_complete": {
      "image_id": "a2772acbaf38808aea3499d2e3a210ea03b5f4dac95700b280a69a70e7bbf95e",
      "source_hash": "07363b2e5f023b320000000000001922"
    },
    "begin_logits": {
      "image_id": "40b02e3d680677c30f88463aa70f82cd6d546ec3487f7e31bc1d90170140bff7",
      "source_hash": "07363b2e5f023b320000000000001922"
    },
    "empty_final_position": {
      "image_id": "4053b5fc9d6083b6858a220c0c4468758e4ed25bd4a203bf57c958c0a568b7bf",
      "source_hash": "07363b2e5f023b320000000000001922"
    },
    "normalize_final_position": {
      "image_id": "ea6b338f8886eb5ab9e12f703065d7829217e2a281be8a55c2d6728204a3577b",
      "source_hash": "07363b2e5f023b320000000000001922"
    },
    "project_logit_page": {
      "image_id": "5858661e4b748c9b7be85739fad94ea74a778bc613021e5b2118007ada65e19a",
      "source_hash": "07363b2e5f023b320000000000001922"
    },
    "summarise_errors": {
      "image_id": "c0183257a6a294d969488ae10ec1bf05e35a9658f2034d821739f4792da27d78",
      "source_hash": "07363b2e5f023b320000000000001922"
    },
    "track_final_position": {
      "image_id": "750b7231b7b3c338dad8e9619fd8e80f27c48e22cc36cc57a440130ebb375c90",
      "source_hash": "07363b2e5f023b320000000000001922"
    },
    "validate_final_head": {
      "image_id": "8bf41a2289d742820d1e33f21da903ce014efdab41143f932580e985ed15f9e6",
      "source_hash": "07363b2e5f023b320000000000001922"
    }
  },
  "toolchain": {
    "risc0": "risc0-zkvm-1.2",
    "build_mode": "local"
  }
}
