{
  "format": 1,
  "program_commitment": "9dd633912455b09f5e6703d810587d36cb698dc7815e8836a7cc9259f696b85a",
  "tiles": {
    "assert_logits_complete": {
      "image_id": "b043b2c0ac3e6deae577684c58c93b7917f2fc61ad547a9422e00bbc50e5db6a",
      "source_hash": "8ac5d0ceca3938b20000000000001b98"
    },
    "begin_error_summary": {
      "image_id": "cc0ff0facce718c45575eee6286dd1512d429895eed48dcabdc173b5446f6853",
      "source_hash": "8ac5d0ceca3938b20000000000001b98"
    },
    "begin_logits": {
      "image_id": "46769d355e1479df30ca194d5e98486fe252daa5effe58db2b09c83f0376d30e",
      "source_hash": "8ac5d0ceca3938b20000000000001b98"
    },
    "empty_final_position": {
      "image_id": "eab5403f8675e2feadc7c7b54280138c688d33add26c8d14ff142237acb62af1",
      "source_hash": "8ac5d0ceca3938b20000000000001b98"
    },
    "normalize_final_position": {
      "image_id": "bac19e606afefb7f115ae4689cd091674d735bb4d2f274d455467b82e93d4c14",
      "source_hash": "8ac5d0ceca3938b20000000000001b98"
    },
    "project_logit_page": {
      "image_id": "f43ff2c981e43f1157ec112a09ef45b6b5848fe25b5f46cd7d9c8d7f8f4130c2",
      "source_hash": "8ac5d0ceca3938b20000000000001b98"
    },
    "summarise_errors": {
      "image_id": "49a6c01d3e4249af4b9081874f0991ba48f0b542bb2ad15e37eef5a5f1fd5aad",
      "source_hash": "8ac5d0ceca3938b20000000000001b98"
    },
    "track_final_position": {
      "image_id": "ffa1ec8e2ce9d7b23fce8a6cfedb67348d8922060adf67272d1cb17ba2daaba9",
      "source_hash": "8ac5d0ceca3938b20000000000001b98"
    },
    "validate_final_head": {
      "image_id": "27ea9a0fb674b014a97bc4ab0c209206060a601bec7b3f3ec8a90b781d1e5d94",
      "source_hash": "8ac5d0ceca3938b20000000000001b98"
    }
  },
  "toolchain": {
    "risc0": "risc0-zkvm-1.2",
    "build_mode": "local"
  }
}
