{
  "format": 1,
  "program_commitment": "8c1ac786e11640d1c862e4ee97a097c9b4ae48017016e14eb74a54da7a307288",
  "tiles": {
    "begin_finalize_state": {
      "image_id": "b871b26b573957ce3d24be786c484410b1c33e405d4657461f958e1f8d3921c5",
      "source_hash": "fc4263be3caae6c90000000000001410"
    },
    "begin_generated_output": {
      "image_id": "aab30f374f6da54090fbb074802dc51c05765bea80dffd94dad7d54e21abfa68",
      "source_hash": "fc4263be3caae6c90000000000001410"
    },
    "consume_decoder_token": {
      "image_id": "a43670eab5b831e88476199ec269cd9bbb97302fc4ab3688aeec9ae780f4f153",
      "source_hash": "fc4263be3caae6c90000000000001410"
    },
    "copy_output_token_ids": {
      "image_id": "470ddb5fb216fc17be1a4a6bbd227f98b8588d040a3d7be5b76b8d0365a920ed",
      "source_hash": "fc4263be3caae6c90000000000001410"
    },
    "finish_finalize_state": {
      "image_id": "b93f88b16ae15253699fbedd8b4d4e5e68dac8594fcc41814fe2bbc04049ef8a",
      "source_hash": "fc4263be3caae6c90000000000001410"
    },
    "validate_decode_edge": {
      "image_id": "ed39e09fe736e4498b571f0a131d2d8bd0e282adcb8ce04307b5d0ea4aea7311",
      "source_hash": "fc4263be3caae6c90000000000001410"
    }
  },
  "toolchain": {
    "risc0": "risc0-zkvm-1.2",
    "build_mode": "local"
  }
}
