{
  "format": 1,
  "program_commitment": "112f5c42affdb7385bf8c0c8469602c9fa1c1e0f38dc5ee6505c26ac391fbd08",
  "tiles": {
    "begin_finalize_state": {
      "image_id": "b06e4450b9ee755bd8c5d344d77f6bddb9b635a7d375144e3f2d25ddfa0640da",
      "source_hash": "d8185d5a8885267b0000000000000f40"
    },
    "begin_generated_output": {
      "image_id": "0b482437425041644fd0821ad9a6c3ce915605ee6fa92d16d24f45c6df2b735e",
      "source_hash": "d8185d5a8885267b0000000000000f40"
    },
    "consume_decoder_token": {
      "image_id": "b66e9cdca1f0d5825044e427bdd3dc6033470b519955145ad025359a992f5d7d",
      "source_hash": "d8185d5a8885267b0000000000000f40"
    },
    "copy_output_token_ids": {
      "image_id": "2f8a2b433c62d85d3388e207248c285522a29373b1b2dcbab36627bfb2892c11",
      "source_hash": "d8185d5a8885267b0000000000000f40"
    },
    "finish_finalize_state": {
      "image_id": "fd63cabc59cf5de1994bfb39478c4b8587f51bbf3eb6a2a98a6783c6029a5db7",
      "source_hash": "d8185d5a8885267b0000000000000f40"
    },
    "validate_decode_edge": {
      "image_id": "928543dfa552b5d76d44168c8cd98b2a4f568b63415ff17864f81d6f66769e14",
      "source_hash": "d8185d5a8885267b0000000000000f40"
    }
  },
  "toolchain": {
    "risc0": "risc0-zkvm-1.2",
    "build_mode": "local"
  }
}
