{
  "format": 1,
  "program_commitment": "94979878a733a4922225a72c48593778d43eefee2664316206b1f7f9ee2f6436",
  "tiles": {
    "begin_finalize_state": {
      "image_id": "c1ce32edc903c07e011a81693eab63a6297a373dad09c5d2ac61847864683926",
      "source_hash": "456f665db14a97aa00000000000013fe"
    },
    "begin_generated_output": {
      "image_id": "56534569f89bd62a77cd7d2314c688edd9f44804b5c0c2a7c98ac8c18c783214",
      "source_hash": "456f665db14a97aa00000000000013fe"
    },
    "consume_decoder_token": {
      "image_id": "72519147ac8e789db545d3c501fc4c169864a037289903b4d71314796ba90ebf",
      "source_hash": "456f665db14a97aa00000000000013fe"
    },
    "copy_output_token_ids": {
      "image_id": "bad9431243d886a87df75e085ff4c1bdaa32668147f3dfd43f3dec83adee0f6a",
      "source_hash": "456f665db14a97aa00000000000013fe"
    },
    "finish_finalize_state": {
      "image_id": "0f8fdf7c3351998856a659eec878e28e206693fa712152f228c6c791865be808",
      "source_hash": "456f665db14a97aa00000000000013fe"
    },
    "validate_decode_edge": {
      "image_id": "1105ed540d941d8aa0757c366b98323c75cfcb976e830e56802e4117ecd378a0",
      "source_hash": "456f665db14a97aa00000000000013fe"
    }
  },
  "toolchain": {
    "risc0": "risc0-zkvm-1.2",
    "build_mode": "local"
  }
}
