{
  "format": 1,
  "program_commitment": "383bac666cbaa6bb916a4f30fb1584e233ee929a0d4c30e77a727d7bda8a143d",
  "tiles": {
    "append_selected_token": {
      "image_id": "637c3085877d2d923ae030894f305d9ad9c6381fa786e0db9451cb188c964dbc",
      "source_hash": "4d9d1eece7c201330000000000001178"
    },
    "begin_argmax": {
      "image_id": "3a44202e75970c2b58ffb488f4ad6dab8cb0612d667d22401b4af22c0ce41a23",
      "source_hash": "4d9d1eece7c201330000000000001178"
    },
    "begin_decode_edge": {
      "image_id": "cadc8a121ce3fa14fc62c17b91f2d6595f8dc438829af9ba6c77341db8f9a421",
      "source_hash": "4d9d1eece7c201330000000000001178"
    },
    "copy_generated_token_ids": {
      "image_id": "aa0b05509ca16fed8ac81ddd37aea7b8dd949bb06fcd9c68f17b3a6156133d20",
      "source_hash": "4d9d1eece7c201330000000000001178"
    },
    "finish_selection": {
      "image_id": "6a1264a5ca05826f876cd894e869ee8d8b254bb765383fad0366000c254ef792",
      "source_hash": "4d9d1eece7c201330000000000001178"
    },
    "scan_logit_chunk": {
      "image_id": "25ad6691674440517e5e07c829f5912de3be72353ec9c8218dd33863e70657dc",
      "source_hash": "4d9d1eece7c201330000000000001178"
    },
    "selected_token_ids": {
      "image_id": "5bb7c5e7eb0337bbde297fe867c6f2df42e75f882f63891429e0b47d20995413",
      "source_hash": "4d9d1eece7c201330000000000001178"
    }
  },
  "toolchain": {
    "risc0": "risc0-zkvm-1.2",
    "build_mode": "local"
  }
}
