{
  "format": 1,
  "program_commitment": "e3941eb7c3789cf382690c5cd42642c3e3409ac07e0a05e6f47fa8fb10baf6b1",
  "tiles": {
    "initialize_decode_edge": {
      "image_id": "3b377aec109b91d1eafce0a40f7dc33e88de7b66d41ccf213401ec1f93dee1a6",
      "source_hash": "d2021a20f58869490000000000000276"
    }
  },
  "toolchain": {
    "risc0": "risc0-zkvm-1.2",
    "build_mode": "local"
  }
}
