{
  "format": 1,
  "program_commitment": "2cc1be19973c3e71b9ac644305d93b5c3a3ed29ab8c7b16a15c64b67cffa43be",
  "tiles": {
    "initialize_decode_edge": {
      "image_id": "aef8e602992d9b0f882001703c48dfa6fb82d1baad1815246113f1617e1ad044",
      "source_hash": "6233913d2a32acfd000000000000027b"
    }
  },
  "toolchain": {
    "risc0": "risc0-zkvm-1.2",
    "build_mode": "local"
  }
}
