{
  "format": 1,
  "program_commitment": "9be57d05ae2bf05b8149fb5a2c43a942f03bddb55a6ae56248d2d1ef5ac6a1ca",
  "tiles": {
    "assert_all_tokens_embedded": {
      "image_id": "d6c4a9808668b853ffd4dbf4f8b7defb5b011bb836c2afb776113045049dbff8",
      "source_hash": "abbd81688c9e57b5000000000000136b"
    },
    "begin_error_summary": {
      "image_id": "9378417cb4a8951aab3faa76ce98293e1d79a0d625e25220f33c16ccc0b09ab9",
      "source_hash": "abbd81688c9e57b5000000000000136b"
    },
    "embed_decode_token": {
      "image_id": "d3c151ce9109886de6b20562d8571e20840dbe6c285787da6a416aea1556888c",
      "source_hash": "abbd81688c9e57b5000000000000136b"
    },
    "embedding_byte_offset": {
      "image_id": "6c92bf1f52d6894ac1e0921f6bad2e79a3e2f7b0e950619abda6d7b7bb9613a6",
      "source_hash": "abbd81688c9e57b5000000000000136b"
    },
    "page_of": {
      "image_id": "f5a03c989fcf023da694a9dfff1a6d08b91f628a4442ed6bf17690c1289b534d",
      "source_hash": "abbd81688c9e57b5000000000000136b"
    },
    "require_selected_token": {
      "image_id": "3938cfa40d6757e6c3e5e8031144fc92e7f41059bdb19d626fee6197af540ada",
      "source_hash": "abbd81688c9e57b5000000000000136b"
    },
    "summarise_errors": {
      "image_id": "32a0d2a376d0444b6e298cc8a06e24bb0d99cea19a8e87bd03e285dbeef0fc6d",
      "source_hash": "abbd81688c9e57b5000000000000136b"
    }
  },
  "toolchain": {
    "risc0": "risc0-zkvm-1.2",
    "build_mode": "local"
  }
}
